
Microsoft Visual Studio Solution File, Format Version 12.00
# Visual Studio Version 17
VisualStudioVersion = 17.13.35931.197 d17.13
MinimumVisualStudioVersion = 10.0.40219.1
Project("{FAE04EC0-301F-11D3-BF4B-00C04F79EFBC}") = "PatikaWeek1", "PatikaWeek1.csproj", "{7D09B335-AE2D-4FC3-A878-2C68AD19F9E8}"
EndProject
Global
	GlobalSection(SolutionConfigurationPlatforms) = preSolution
		Debug|Any CPU = Debug|Any CPU
		Release|Any CPU = Release|Any CPU
	EndGlobalSection
	GlobalSection(ProjectConfigurationPlatforms) = postSolution
		{7D09B335-AE2D-4FC3-A878-2C68AD19F9E8}.Debug|Any CPU.ActiveCfg = Debug|Any CPU
		{7D09B335-AE2D-4FC3-A878-2C68AD19F9E8}.Debug|Any CPU.Build.0 = Debug|Any CPU
		{7D09B335-AE2D-4FC3-A878-2C68AD19F9E8}.Release|Any CPU.ActiveCfg = Release|Any CPU
		{7D09B335-AE2D-4FC3-A878-2C68AD19F9E8}.Release|Any CPU.Build.0 = Release|Any CPU
	EndGlobalSection
	GlobalSection(SolutionProperties) = preSolution
		HideSolutionNode = FALSE
	EndGlobalSection
	GlobalSection(ExtensibilityGlobals) = postSolution
		SolutionGuid = {E1A2F8E7-E9DB-49EB-823D-B057A22D6F63}
	EndGlobalSection
EndGlobal
